{
    "hash": "c0221c325e77a76119a2911af18b1678",
    "packages": [
        {
            "package": "doctrine/common",
            "version": "2.2.2"
        },
        {
            "package": "pimple/pimple",
            "version": "1.0.0"
        },
        {
            "package": "sirprize/paginate",
            "version": "dev-master",
            "source-reference": "b31fe1ef26949d2346770b47ba576e7d9ba721fc"
        },
        {
            "package": "sirprize/scribble",
            "version": "dev-master",
            "source-reference": "6c28e534f466e4c309d078f21fb712e6ac3a5b13"
        },
        {
            "package": "sirprize/scrubble",
            "version": "dev-master",
            "source-reference": "572e8fb581951a993a895f18cc2bb668c24fa9dd"
        },
        {
            "package": "sirprize/themed",
            "version": "dev-master",
            "source-reference": "d053c115f2befb231fed19eb1e4c9d93654164d3"
        },
        {
            "package": "symfony/event-dispatcher",
            "version": "dev-master",
            "alias-pretty-version": "2.1.x-dev",
            "alias-version": "2.1.9999999.9999999-dev"
        },
        {
            "package": "symfony/event-dispatcher",
            "version": "dev-master",
            "source-reference": "30d3f5da80c2aeab15bcdb5a7d448d15bc294b23"
        },
        {
            "package": "symfony/http-foundation",
            "version": "dev-master",
            "source-reference": "d86fa9abba0f66fda231b9d47c004c84be792bf2"
        },
        {
            "package": "symfony/http-foundation",
            "version": "dev-master",
            "alias-pretty-version": "2.1.x-dev",
            "alias-version": "2.1.9999999.9999999-dev"
        },
        {
            "package": "symfony/http-kernel",
            "version": "dev-master",
            "source-reference": "07babe5e04be9af637dc661eaa6ba1fd0ab44e42"
        },
        {
            "package": "symfony/http-kernel",
            "version": "dev-master",
            "alias-pretty-version": "2.1.x-dev",
            "alias-version": "2.1.9999999.9999999-dev"
        },
        {
            "package": "symfony/routing",
            "version": "dev-master",
            "source-reference": "17018b5a3d6b80f872d05330270e1d828456c183"
        },
        {
            "package": "symfony/routing",
            "version": "dev-master",
            "alias-pretty-version": "2.1.x-dev",
            "alias-version": "2.1.9999999.9999999-dev"
        },
        {
            "package": "symfony/templating",
            "version": "dev-master",
            "alias-pretty-version": "2.1.x-dev",
            "alias-version": "2.1.9999999.9999999-dev"
        },
        {
            "package": "symfony/templating",
            "version": "dev-master",
            "source-reference": "215354017f553e5a2be0e8bbca5d02b27b0d1e8d"
        }
    ],
    "packages-dev": null,
    "aliases": [

    ],
    "minimum-stability": "dev",
    "stability-flags": {
        "symfony/event-dispatcher": 20,
        "symfony/http-foundation": 20,
        "symfony/http-kernel": 20,
        "symfony/routing": 20,
        "symfony/templating": 20,
        "sirprize/scribble": 20,
        "sirprize/scrubble": 20,
        "sirprize/paginate": 20,
        "sirprize/themed": 20
    }
}
