{
    "hash": "cff6f34dd5b42074efb2b2cc426085ff",
    "packages": [
        {
            "package": "doctrine/common",
            "version": "2.2.x-dev",
            "source-reference": "1e0aa60d109c630d19543d999f12e2852ef8f932"
        },
        {
            "package": "pimple/pimple",
            "version": "dev-master",
            "source-reference": "v1.0.0",
            "alias-pretty-version": "1.0.x-dev",
            "alias-version": "1.0.9999999.9999999-dev"
        },
        {
            "package": "pimple/pimple",
            "version": "dev-master",
            "source-reference": "v1.0.0"
        },
        {
            "package": "sirprize/paginate",
            "version": "dev-master",
            "source-reference": "105b3296fb3538cf3a3ace4929539f3ef9248518"
        },
        {
            "package": "sirprize/scribble",
            "version": "dev-master",
            "source-reference": "aafcbe4f8e9f0077fee4464f2c04bc7f5659399f"
        },
        {
            "package": "sirprize/scrubble",
            "version": "dev-master",
            "source-reference": "v0.2.0"
        },
        {
            "package": "sirprize/themed",
            "version": "dev-master",
            "source-reference": "v0.2.0"
        },
        {
            "package": "symfony/event-dispatcher",
            "version": "dev-master",
            "source-reference": "0b58a4019befc0bd038bc0ec0165101d5dd31754",
            "alias-pretty-version": "2.1.x-dev",
            "alias-version": "2.1.9999999.9999999-dev"
        },
        {
            "package": "symfony/event-dispatcher",
            "version": "dev-master",
            "source-reference": "0b58a4019befc0bd038bc0ec0165101d5dd31754"
        },
        {
            "package": "symfony/http-foundation",
            "version": "dev-master",
            "source-reference": "cf8e8324c68ce584525502702866485f17f1c8a5"
        },
        {
            "package": "symfony/http-foundation",
            "version": "dev-master",
            "source-reference": "cf8e8324c68ce584525502702866485f17f1c8a5",
            "alias-pretty-version": "2.1.x-dev",
            "alias-version": "2.1.9999999.9999999-dev"
        },
        {
            "package": "symfony/http-kernel",
            "version": "dev-master",
            "source-reference": "d2729c175c5d57d5578a3ac388f314970718431e",
            "alias-pretty-version": "2.1.x-dev",
            "alias-version": "2.1.9999999.9999999-dev"
        },
        {
            "package": "symfony/http-kernel",
            "version": "dev-master",
            "source-reference": "d2729c175c5d57d5578a3ac388f314970718431e"
        },
        {
            "package": "symfony/routing",
            "version": "dev-master",
            "source-reference": "5ae3bd199393f84bc1d531cdcbdb936cbe1ad206"
        },
        {
            "package": "symfony/routing",
            "version": "dev-master",
            "source-reference": "5ae3bd199393f84bc1d531cdcbdb936cbe1ad206",
            "alias-pretty-version": "2.1.x-dev",
            "alias-version": "2.1.9999999.9999999-dev"
        },
        {
            "package": "symfony/templating",
            "version": "dev-master",
            "source-reference": "2011bd7db78e0b7e7ad0134d52e7fbbc0f9d09c0"
        },
        {
            "package": "symfony/templating",
            "version": "dev-master",
            "source-reference": "2011bd7db78e0b7e7ad0134d52e7fbbc0f9d09c0",
            "alias-pretty-version": "2.1.x-dev",
            "alias-version": "2.1.9999999.9999999-dev"
        }
    ],
    "packages-dev": null,
    "aliases": [

    ]
}
