{
    "hash": "cff6f34dd5b42074efb2b2cc426085ff",
    "packages": [
        {
            "package": "doctrine/common",
            "version": "2.2.x-dev",
            "source-reference": "1e0aa60d109c630d19543d999f12e2852ef8f932"
        },
        {
            "package": "pimple/pimple",
            "version": "dev-master",
            "source-reference": "v1.0.0",
            "alias-pretty-version": "1.0.x-dev",
            "alias-version": "1.0.9999999.9999999-dev"
        },
        {
            "package": "pimple/pimple",
            "version": "dev-master",
            "source-reference": "v1.0.0"
        },
        {
            "package": "sirprize/paginate",
            "version": "dev-master",
            "source-reference": "105b3296fb3538cf3a3ace4929539f3ef9248518"
        },
        {
            "package": "sirprize/scribble",
            "version": "dev-master",
            "source-reference": "87b988b56b7a88151becb8599143ed15b79484af"
        },
        {
            "package": "sirprize/scrubble",
            "version": "dev-master",
            "source-reference": "c49a275d3f816f57a4d7ed55cc90f112dfa8db2e"
        },
        {
            "package": "sirprize/themed",
            "version": "dev-master",
            "source-reference": "3f15eb6ba70842b1d148d68f8c09ced2cee0b979"
        },
        {
            "package": "symfony/event-dispatcher",
            "version": "dev-master",
            "source-reference": "eb82542e8ec9506096caf7c528564c740a214f56"
        },
        {
            "package": "symfony/event-dispatcher",
            "version": "dev-master",
            "source-reference": "eb82542e8ec9506096caf7c528564c740a214f56",
            "alias-pretty-version": "2.1.x-dev",
            "alias-version": "2.1.9999999.9999999-dev"
        },
        {
            "package": "symfony/http-foundation",
            "version": "dev-master",
            "source-reference": "3d9f4ce435f6322b9720c209ad610202526373c0",
            "alias-pretty-version": "2.1.x-dev",
            "alias-version": "2.1.9999999.9999999-dev"
        },
        {
            "package": "symfony/http-foundation",
            "version": "dev-master",
            "source-reference": "3d9f4ce435f6322b9720c209ad610202526373c0"
        },
        {
            "package": "symfony/http-kernel",
            "version": "dev-master",
            "source-reference": "57d64d18121b46328b03efb0379a6ab6a5726dc2"
        },
        {
            "package": "symfony/http-kernel",
            "version": "dev-master",
            "source-reference": "57d64d18121b46328b03efb0379a6ab6a5726dc2",
            "alias-pretty-version": "2.1.x-dev",
            "alias-version": "2.1.9999999.9999999-dev"
        },
        {
            "package": "symfony/routing",
            "version": "dev-master",
            "source-reference": "82a04d3636395d11da7b37968302b34bf647d94f"
        },
        {
            "package": "symfony/routing",
            "version": "dev-master",
            "source-reference": "82a04d3636395d11da7b37968302b34bf647d94f",
            "alias-pretty-version": "2.1.x-dev",
            "alias-version": "2.1.9999999.9999999-dev"
        },
        {
            "package": "symfony/templating",
            "version": "dev-master",
            "source-reference": "ab234f312367888589e0df3ed2781afdd09aedc8"
        },
        {
            "package": "symfony/templating",
            "version": "dev-master",
            "source-reference": "ab234f312367888589e0df3ed2781afdd09aedc8",
            "alias-pretty-version": "2.1.x-dev",
            "alias-version": "2.1.9999999.9999999-dev"
        }
    ],
    "packages-dev": null,
    "aliases": [

    ]
}
